
Microsoft Visual Studio Solution File, Format Version 12.00
# Visual Studio 15
VisualStudioVersion = 15.0.27428.2015
MinimumVisualStudioVersion = 10.0.40219.1
Project("{FAE04EC0-301F-11D3-BF4B-00C04F79EFBC}") = "SPA_AngularJs", "SPA_AngularJs\SPA_AngularJs.csproj", "{AEF0DDB5-109B-4D3A-B1C5-5A22C8CF15CC}"
EndProject
Global
	GlobalSection(SolutionConfigurationPlatforms) = preSolution
		Debug|Any CPU = Debug|Any CPU
		Release|Any CPU = Release|Any CPU
	EndGlobalSection
	GlobalSection(ProjectConfigurationPlatforms) = postSolution
		{AEF0DDB5-109B-4D3A-B1C5-5A22C8CF15CC}.Debug|Any CPU.ActiveCfg = Debug|Any CPU
		{AEF0DDB5-109B-4D3A-B1C5-5A22C8CF15CC}.Debug|Any CPU.Build.0 = Debug|Any CPU
		{AEF0DDB5-109B-4D3A-B1C5-5A22C8CF15CC}.Release|Any CPU.ActiveCfg = Release|Any CPU
		{AEF0DDB5-109B-4D3A-B1C5-5A22C8CF15CC}.Release|Any CPU.Build.0 = Release|Any CPU
	EndGlobalSection
	GlobalSection(SolutionProperties) = preSolution
		HideSolutionNode = FALSE
	EndGlobalSection
	GlobalSection(ExtensibilityGlobals) = postSolution
		SolutionGuid = {164A0A97-8FE7-46A5-8F06-A5E644FE7FE9}
	EndGlobalSection
EndGlobal
